Microsoft Visual Studio Solution File, Format Version 11.00
# Visual Studio 2008

Project("{948DB796-2D8A-A7FC-7EEE-B55EFA332DDA}") = "GestureStory", "Assembly-CSharp-firstpass.csproj", "{1288F327-93C0-2620-9AD0-2F0E5AC5A1E4}"
EndProject
Project("{948DB796-2D8A-A7FC-7EEE-B55EFA332DDA}") = "GestureStory", "Assembly-UnityScript-firstpass.unityproj", "{9A6FC4D2-A916-470A-237E-AC63892E8CBA}"
EndProject
Global
	GlobalSection(SolutionConfigurationPlatforms) = preSolution
		Debug|Any CPU = Debug|Any CPU
		Release|Any CPU = Release|Any CPU
	EndGlobalSection
	GlobalSection(ProjectConfigurationPlatforms) = postSolution
		{1288F327-93C0-2620-9AD0-2F0E5AC5A1E4}.Debug|Any CPU.ActiveCfg = Debug|Any CPU
		{1288F327-93C0-2620-9AD0-2F0E5AC5A1E4}.Debug|Any CPU.Build.0 = Debug|Any CPU
		{1288F327-93C0-2620-9AD0-2F0E5AC5A1E4}.Release|Any CPU.ActiveCfg = Release|Any CPU
		{1288F327-93C0-2620-9AD0-2F0E5AC5A1E4}.Release|Any CPU.Build.0 = Release|Any CPU
		{9A6FC4D2-A916-470A-237E-AC63892E8CBA}.Debug|Any CPU.ActiveCfg = Debug|Any CPU
		{9A6FC4D2-A916-470A-237E-AC63892E8CBA}.Debug|Any CPU.Build.0 = Debug|Any CPU
		{9A6FC4D2-A916-470A-237E-AC63892E8CBA}.Release|Any CPU.ActiveCfg = Release|Any CPU
		{9A6FC4D2-A916-470A-237E-AC63892E8CBA}.Release|Any CPU.Build.0 = Release|Any CPU
	EndGlobalSection
	GlobalSection(SolutionProperties) = preSolution
		HideSolutionNode = FALSE
	EndGlobalSection
																		GlobalSection(MonoDevelopProperties) = preSolution
		StartupItem = Assembly-CSharp.csproj
		Policies = $0
		$0.TextStylePolicy = $1
		$1.inheritsSet = null
		$1.scope = text/x-csharp
		$0.CSharpFormattingPolicy = $2
		$2.inheritsSet = Mono
		$2.inheritsScope = text/x-csharp
		$2.scope = text/x-csharp
		$0.TextStylePolicy = $3
		$3.FileWidth = 120
		$3.TabWidth = 4
		$3.EolMarker = Unix
		$3.inheritsSet = Mono
		$3.inheritsScope = text/plain
		$3.scope = text/plain
	EndGlobalSection

EndGlobal
