Microsoft Visual Studio Solution File, Format Version 11.00
# Visual Studio 2008

Project("{7732F368-9795-288A-D21F-D6E854A8E979}") = "RazorHydra", "Assembly-CSharp-firstpass.csproj", "{75C99CA9-E871-2D04-EDC3-95A4B231783D}"
EndProject
Project("{7732F368-9795-288A-D21F-D6E854A8E979}") = "RazorHydra", "Assembly-CSharp.csproj", "{F350CA16-91A6-F630-04C0-5F8873729E3B}"
EndProject
Project("{7732F368-9795-288A-D21F-D6E854A8E979}") = "RazorHydra", "Assembly-CSharp-Editor.csproj", "{7446DCD3-266A-8A81-3725-E724AB2DF286}"
EndProject
Project("{7732F368-9795-288A-D21F-D6E854A8E979}") = "RazorHydra", "Assembly-UnityScript-firstpass.unityproj", "{C95CC7D0-B804-8EB0-6423-B0C838C64CE7}"
EndProject
Project("{7732F368-9795-288A-D21F-D6E854A8E979}") = "RazorHydra", "Assembly-UnityScript.unityproj", "{0E8DEB2C-DB68-D39E-0437-1A56930994DF}"
EndProject
Global
	GlobalSection(SolutionConfigurationPlatforms) = preSolution
		Debug|Any CPU = Debug|Any CPU
		Release|Any CPU = Release|Any CPU
	EndGlobalSection
	GlobalSection(ProjectConfigurationPlatforms) = postSolution
		{75C99CA9-E871-2D04-EDC3-95A4B231783D}.Debug|Any CPU.ActiveCfg = Debug|Any CPU
		{75C99CA9-E871-2D04-EDC3-95A4B231783D}.Debug|Any CPU.Build.0 = Debug|Any CPU
		{75C99CA9-E871-2D04-EDC3-95A4B231783D}.Release|Any CPU.ActiveCfg = Release|Any CPU
		{75C99CA9-E871-2D04-EDC3-95A4B231783D}.Release|Any CPU.Build.0 = Release|Any CPU
		{F350CA16-91A6-F630-04C0-5F8873729E3B}.Debug|Any CPU.ActiveCfg = Debug|Any CPU
		{F350CA16-91A6-F630-04C0-5F8873729E3B}.Debug|Any CPU.Build.0 = Debug|Any CPU
		{F350CA16-91A6-F630-04C0-5F8873729E3B}.Release|Any CPU.ActiveCfg = Release|Any CPU
		{F350CA16-91A6-F630-04C0-5F8873729E3B}.Release|Any CPU.Build.0 = Release|Any CPU
		{7446DCD3-266A-8A81-3725-E724AB2DF286}.Debug|Any CPU.ActiveCfg = Debug|Any CPU
		{7446DCD3-266A-8A81-3725-E724AB2DF286}.Debug|Any CPU.Build.0 = Debug|Any CPU
		{7446DCD3-266A-8A81-3725-E724AB2DF286}.Release|Any CPU.ActiveCfg = Release|Any CPU
		{7446DCD3-266A-8A81-3725-E724AB2DF286}.Release|Any CPU.Build.0 = Release|Any CPU
		{C95CC7D0-B804-8EB0-6423-B0C838C64CE7}.Debug|Any CPU.ActiveCfg = Debug|Any CPU
		{C95CC7D0-B804-8EB0-6423-B0C838C64CE7}.Debug|Any CPU.Build.0 = Debug|Any CPU
		{C95CC7D0-B804-8EB0-6423-B0C838C64CE7}.Release|Any CPU.ActiveCfg = Release|Any CPU
		{C95CC7D0-B804-8EB0-6423-B0C838C64CE7}.Release|Any CPU.Build.0 = Release|Any CPU
		{0E8DEB2C-DB68-D39E-0437-1A56930994DF}.Debug|Any CPU.ActiveCfg = Debug|Any CPU
		{0E8DEB2C-DB68-D39E-0437-1A56930994DF}.Debug|Any CPU.Build.0 = Debug|Any CPU
		{0E8DEB2C-DB68-D39E-0437-1A56930994DF}.Release|Any CPU.ActiveCfg = Release|Any CPU
		{0E8DEB2C-DB68-D39E-0437-1A56930994DF}.Release|Any CPU.Build.0 = Release|Any CPU
	EndGlobalSection
	GlobalSection(SolutionProperties) = preSolution
		HideSolutionNode = FALSE
	EndGlobalSection
																																																																																															GlobalSection(MonoDevelopProperties) = preSolution
		StartupItem = Assembly-CSharp.csproj
		Policies = $0
		$0.TextStylePolicy = $1
		$1.inheritsSet = null
		$1.scope = text/x-csharp
		$0.CSharpFormattingPolicy = $2
		$2.inheritsSet = Mono
		$2.inheritsScope = text/x-csharp
		$2.scope = text/x-csharp
		$0.TextStylePolicy = $3
		$3.FileWidth = 120
		$3.TabWidth = 4
		$3.EolMarker = Unix
		$3.inheritsSet = Mono
		$3.inheritsScope = text/plain
		$3.scope = text/plain
	EndGlobalSection

EndGlobal
